
Microsoft Visual Studio Solution File, Format Version 12.00
# Visual Studio Version 17
VisualStudioVersion = 17.13.35828.75 d17.13
MinimumVisualStudioVersion = 10.0.40219.1
Project("{FAE04EC0-301F-11D3-BF4B-00C04F79EFBC}") = "App.User.RateLimiting", "App.User.RateLimiting\App.User.RateLimiting.csproj", "{4A3127F9-39E9-4430-8E6F-D474DAC33DFF}"
EndProject
Global
	GlobalSection(SolutionConfigurationPlatforms) = preSolution
		Debug|Any CPU = Debug|Any CPU
		Release|Any CPU = Release|Any CPU
	EndGlobalSection
	GlobalSection(ProjectConfigurationPlatforms) = postSolution
		{4A3127F9-39E9-4430-8E6F-D474DAC33DFF}.Debug|Any CPU.ActiveCfg = Debug|Any CPU
		{4A3127F9-39E9-4430-8E6F-D474DAC33DFF}.Debug|Any CPU.Build.0 = Debug|Any CPU
		{4A3127F9-39E9-4430-8E6F-D474DAC33DFF}.Release|Any CPU.ActiveCfg = Release|Any CPU
		{4A3127F9-39E9-4430-8E6F-D474DAC33DFF}.Release|Any CPU.Build.0 = Release|Any CPU
	EndGlobalSection
	GlobalSection(SolutionProperties) = preSolution
		HideSolutionNode = FALSE
	EndGlobalSection
	GlobalSection(ExtensibilityGlobals) = postSolution
		SolutionGuid = {0BA2F906-DAEC-4AA8-8FCA-63152E1942F1}
	EndGlobalSection
EndGlobal
